{
  "version": 4,
  "terraform_version": "1.12.2",
  "serial": 280,
  "lineage": "3dd8e894-47f0-9eb0-c67f-18a0303237e9",
  "outputs": {
    "k8s_cluster_info": {
      "value": {
        "cluster_name": "proxmox-k8s",
        "k8s_version": "1.28",
        "master_count": 1,
        "pod_cidr": "10.244.0.0/16",
        "service_cidr": "10.96.0.0/12",
        "worker_count": 2
      },
      "type": [
        "object",
        {
          "cluster_name": "string",
          "k8s_version": "string",
          "master_count": "number",
          "pod_cidr": "string",
          "service_cidr": "string",
          "worker_count": "number"
        }
      ]
    },
    "k8s_master_ip": {
      "value": "192.168.1.156",
      "type": "string"
    },
    "k8s_master_nodes": {
      "value": {
        "proxmox-k8s-master-1": {
          "ip": "192.168.1.156",
          "name": "proxmox-k8s-master-1",
          "vm_id": 201
        }
      },
      "type": [
        "object",
        {
          "proxmox-k8s-master-1": [
            "object",
            {
              "ip": "string",
              "name": "string",
              "vm_id": "number"
            }
          ]
        }
      ]
    },
    "k8s_worker_nodes": {
      "value": {
        "proxmox-k8s-worker-1": {
          "ip": "192.168.1.156",
          "name": "proxmox-k8s-worker-1",
          "vm_id": 301
        },
        "proxmox-k8s-worker-2": {
          "ip": "192.168.1.156",
          "name": "proxmox-k8s-worker-2",
          "vm_id": 302
        }
      },
      "type": [
        "object",
        {
          "proxmox-k8s-worker-1": [
            "object",
            {
              "ip": "string",
              "name": "string",
              "vm_id": "number"
            }
          ],
          "proxmox-k8s-worker-2": [
            "object",
            {
              "ip": "string",
              "name": "string",
              "vm_id": "number"
            }
          ]
        }
      ]
    }
  },
  "resources": [
    {
      "mode": "managed",
      "type": "local_file",
      "name": "ansible_inventory",
      "provider": "provider[\"registry.terraform.io/hashicorp/local\"]",
      "instances": [
        {
          "schema_version": 0,
          "attributes": {
            "content": "[all]\nproxmox-k8s-master-1 ansible_host=192.168.1.156 ansible_user=netanele ansible_ssh_private_key_file=~/.ssh/id_rsa-key\nproxmox-k8s-worker-1 ansible_host=192.168.1.156 ansible_user=netanele ansible_ssh_private_key_file=~/.ssh/id_rsa-key\nproxmox-k8s-worker-2 ansible_host=192.168.1.156 ansible_user=netanele ansible_ssh_private_key_file=~/.ssh/id_rsa-key\n\n[k8s_masters]\nproxmox-k8s-master-1 ansible_host=192.168.1.156 ansible_user=netanele ansible_ssh_private_key_file=~/.ssh/id_rsa-key\n\n[k8s_workers]\nproxmox-k8s-worker-1 ansible_host=192.168.1.156 ansible_user=netanele ansible_ssh_private_key_file=~/.ssh/id_rsa-key\nproxmox-k8s-worker-2 ansible_host=192.168.1.156 ansible_user=netanele ansible_ssh_private_key_file=~/.ssh/id_rsa-key\n\n[k8s_cluster:children]\nk8s_masters\nk8s_workers\n\n[vms]\n",
            "content_base64": null,
            "content_base64sha256": "2Ml0BHbCharAEzXfJJort17yRIigHraKm5qr3Mleh5E=",
            "content_base64sha512": "VJAoYUOR9/7VPhUTA2rBCvpiwY7CKHYqVJ54hCAGN4yS2kJcyc2Al1PYnehkPZvxJDotANTSDniYqir1ms5lgA==",
            "content_md5": "758692aa571e96843ffca353b6dcaa41",
            "content_sha1": "4c3bfeea3839dc37337c58695a12f8416c790149",
            "content_sha256": "d8c9740476c285aac01335df249a2bb75ef24488a01eb68a9b9aabdcc95e8791",
            "content_sha512": "549028614391f7fed53e1513036ac10afa62c18ec228762a549e78842006378c92da425cc9cd809753d89de8643d9bf1243a2d00d4d20e7898aa2af59ace6580",
            "directory_permission": "0777",
            "file_permission": "0777",
            "filename": "./ansible/inventory.ini",
            "id": "4c3bfeea3839dc37337c58695a12f8416c790149",
            "sensitive_content": null,
            "source": null
          },
          "sensitive_attributes": [
            [
              {
                "type": "get_attr",
                "value": "sensitive_content"
              }
            ]
          ],
          "identity_schema_version": 0,
          "dependencies": [
            "proxmox_virtual_environment_vm.k8s_masters",
            "proxmox_virtual_environment_vm.k8s_workers",
            "proxmox_virtual_environment_vm.ubuntu_vm",
            "random_integer.id4vm"
          ]
        }
      ]
    },
    {
      "mode": "managed",
      "type": "proxmox_virtual_environment_vm",
      "name": "k8s_masters",
      "provider": "provider[\"registry.terraform.io/bpg/proxmox\"]",
      "instances": [
        {
          "index_key": 0,
          "schema_version": 0,
          "attributes": {
            "acpi": true,
            "agent": [
              {
                "enabled": true,
                "timeout": "5m",
                "trim": false,
                "type": "virtio"
              }
            ],
            "amd_sev": [],
            "audio_device": [],
            "bios": "seabios",
            "boot_order": null,
            "cdrom": [],
            "clone": [
              {
                "datastore_id": "",
                "full": true,
                "node_name": "Pprox",
                "retries": 1,
                "vm_id": 101
              }
            ],
            "cpu": [
              {
                "affinity": "",
                "architecture": "",
                "cores": 2,
                "flags": [],
                "hotplugged": 0,
                "limit": 0,
                "numa": false,
                "sockets": 1,
                "type": "x86-64-v2-AES",
                "units": 1024
              }
            ],
            "description": "Kubernetes Master Node 1 - Managed by Terraform",
            "disk": [],
            "efi_disk": [],
            "hook_script_file_id": null,
            "hostpci": [],
            "id": "201",
            "initialization": [],
            "ipv4_addresses": [
              [
                "127.0.0.1"
              ],
              [
                "192.168.1.156"
              ]
            ],
            "ipv6_addresses": [
              [
                "::1"
              ],
              [
                "2a0d:6fc2:5ee0:d00:be24:11ff:fe1d:9d8b",
                "fe80::be24:11ff:fe1d:9d8b"
              ]
            ],
            "keyboard_layout": "en-us",
            "kvm_arguments": null,
            "mac_addresses": [
              "00:00:00:00:00:00",
              "BC:24:11:1D:9D:8B"
            ],
            "machine": null,
            "memory": [
              {
                "dedicated": 4096,
                "floating": 0,
                "hugepages": "",
                "keep_hugepages": false,
                "shared": 0
              }
            ],
            "migrate": false,
            "name": "proxmox-k8s-master-1",
            "network_device": [
              {
                "bridge": "vmbr0",
                "disconnected": false,
                "enabled": true,
                "firewall": false,
                "mac_address": "BC:24:11:1D:9D:8B",
                "model": "virtio",
                "mtu": 0,
                "queues": 0,
                "rate_limit": 0,
                "trunks": "",
                "vlan_id": 0
              }
            ],
            "network_interface_names": [
              "lo",
              "ens18"
            ],
            "node_name": "Pprox",
            "numa": [],
            "on_boot": true,
            "operating_system": [],
            "pool_id": null,
            "protection": false,
            "reboot": false,
            "reboot_after_update": true,
            "rng": [],
            "scsi_hardware": "virtio-scsi-pci",
            "serial_device": [],
            "smbios": [],
            "started": true,
            "startup": [],
            "stop_on_destroy": true,
            "tablet_device": true,
            "tags": [
              "kubernetes",
              "master",
              "terraform"
            ],
            "template": false,
            "timeout_clone": 1800,
            "timeout_create": 1800,
            "timeout_migrate": 1800,
            "timeout_move_disk": 1800,
            "timeout_reboot": 1800,
            "timeout_shutdown_vm": 1800,
            "timeout_start_vm": 1800,
            "timeout_stop_vm": 300,
            "tpm_state": [],
            "usb": [],
            "vga": [],
            "virtiofs": [],
            "vm_id": 201,
            "watchdog": []
          },
          "sensitive_attributes": [],
          "identity_schema_version": 0,
          "private": "bnVsbA=="
        }
      ]
    },
    {
      "mode": "managed",
      "type": "proxmox_virtual_environment_vm",
      "name": "k8s_workers",
      "provider": "provider[\"registry.terraform.io/bpg/proxmox\"]",
      "instances": [
        {
          "index_key": 0,
          "schema_version": 0,
          "attributes": {
            "acpi": true,
            "agent": [
              {
                "enabled": true,
                "timeout": "5m",
                "trim": false,
                "type": "virtio"
              }
            ],
            "amd_sev": [],
            "audio_device": [],
            "bios": "seabios",
            "boot_order": null,
            "cdrom": [],
            "clone": [
              {
                "datastore_id": "",
                "full": true,
                "node_name": "Pprox",
                "retries": 1,
                "vm_id": 101
              }
            ],
            "cpu": [
              {
                "affinity": "",
                "architecture": "",
                "cores": 2,
                "flags": [],
                "hotplugged": 0,
                "limit": 0,
                "numa": false,
                "sockets": 1,
                "type": "x86-64-v2-AES",
                "units": 1024
              }
            ],
            "description": "Kubernetes Worker Node 1 - Managed by Terraform",
            "disk": [],
            "efi_disk": [],
            "hook_script_file_id": null,
            "hostpci": [],
            "id": "301",
            "initialization": [],
            "ipv4_addresses": [
              [
                "127.0.0.1"
              ],
              [
                "192.168.1.156"
              ]
            ],
            "ipv6_addresses": [
              [
                "::1"
              ],
              [
                "2a0d:6fc2:5ee0:d00:be24:11ff:fe9e:3501",
                "fe80::be24:11ff:fe9e:3501"
              ]
            ],
            "keyboard_layout": "en-us",
            "kvm_arguments": null,
            "mac_addresses": [
              "00:00:00:00:00:00",
              "BC:24:11:9E:35:01"
            ],
            "machine": null,
            "memory": [
              {
                "dedicated": 4096,
                "floating": 0,
                "hugepages": "",
                "keep_hugepages": false,
                "shared": 0
              }
            ],
            "migrate": false,
            "name": "proxmox-k8s-worker-1",
            "network_device": [
              {
                "bridge": "vmbr0",
                "disconnected": false,
                "enabled": true,
                "firewall": false,
                "mac_address": "BC:24:11:9E:35:01",
                "model": "virtio",
                "mtu": 0,
                "queues": 0,
                "rate_limit": 0,
                "trunks": "",
                "vlan_id": 0
              }
            ],
            "network_interface_names": [
              "lo",
              "ens18"
            ],
            "node_name": "Pprox",
            "numa": [],
            "on_boot": true,
            "operating_system": [],
            "pool_id": null,
            "protection": false,
            "reboot": false,
            "reboot_after_update": true,
            "rng": [],
            "scsi_hardware": "virtio-scsi-pci",
            "serial_device": [],
            "smbios": [],
            "started": true,
            "startup": [],
            "stop_on_destroy": true,
            "tablet_device": true,
            "tags": [
              "kubernetes",
              "terraform",
              "worker"
            ],
            "template": false,
            "timeout_clone": 1800,
            "timeout_create": 1800,
            "timeout_migrate": 1800,
            "timeout_move_disk": 1800,
            "timeout_reboot": 1800,
            "timeout_shutdown_vm": 1800,
            "timeout_start_vm": 1800,
            "timeout_stop_vm": 300,
            "tpm_state": [],
            "usb": [],
            "vga": [],
            "virtiofs": [],
            "vm_id": 301,
            "watchdog": []
          },
          "sensitive_attributes": [],
          "identity_schema_version": 0,
          "private": "bnVsbA=="
        },
        {
          "index_key": 1,
          "schema_version": 0,
          "attributes": {
            "acpi": true,
            "agent": [
              {
                "enabled": true,
                "timeout": "5m",
                "trim": false,
                "type": "virtio"
              }
            ],
            "amd_sev": [],
            "audio_device": [],
            "bios": "seabios",
            "boot_order": null,
            "cdrom": [],
            "clone": [
              {
                "datastore_id": "",
                "full": true,
                "node_name": "Pprox",
                "retries": 1,
                "vm_id": 101
              }
            ],
            "cpu": [
              {
                "affinity": "",
                "architecture": "",
                "cores": 2,
                "flags": [],
                "hotplugged": 0,
                "limit": 0,
                "numa": false,
                "sockets": 1,
                "type": "x86-64-v2-AES",
                "units": 1024
              }
            ],
            "description": "Kubernetes Worker Node 2 - Managed by Terraform",
            "disk": [],
            "efi_disk": [],
            "hook_script_file_id": null,
            "hostpci": [],
            "id": "302",
            "initialization": [],
            "ipv4_addresses": [
              [
                "127.0.0.1"
              ],
              [
                "192.168.1.156"
              ]
            ],
            "ipv6_addresses": [
              [
                "::1"
              ],
              [
                "2a0d:6fc2:5ee0:d00:be24:11ff:fec7:5b51",
                "fe80::be24:11ff:fec7:5b51"
              ]
            ],
            "keyboard_layout": "en-us",
            "kvm_arguments": null,
            "mac_addresses": [
              "00:00:00:00:00:00",
              "BC:24:11:C7:5B:51"
            ],
            "machine": null,
            "memory": [
              {
                "dedicated": 4096,
                "floating": 0,
                "hugepages": "",
                "keep_hugepages": false,
                "shared": 0
              }
            ],
            "migrate": false,
            "name": "proxmox-k8s-worker-2",
            "network_device": [
              {
                "bridge": "vmbr0",
                "disconnected": false,
                "enabled": true,
                "firewall": false,
                "mac_address": "BC:24:11:C7:5B:51",
                "model": "virtio",
                "mtu": 0,
                "queues": 0,
                "rate_limit": 0,
                "trunks": "",
                "vlan_id": 0
              }
            ],
            "network_interface_names": [
              "lo",
              "ens18"
            ],
            "node_name": "Pprox",
            "numa": [],
            "on_boot": true,
            "operating_system": [],
            "pool_id": null,
            "protection": false,
            "reboot": false,
            "reboot_after_update": true,
            "rng": [],
            "scsi_hardware": "virtio-scsi-pci",
            "serial_device": [],
            "smbios": [],
            "started": true,
            "startup": [],
            "stop_on_destroy": true,
            "tablet_device": true,
            "tags": [
              "kubernetes",
              "terraform",
              "worker"
            ],
            "template": false,
            "timeout_clone": 1800,
            "timeout_create": 1800,
            "timeout_migrate": 1800,
            "timeout_move_disk": 1800,
            "timeout_reboot": 1800,
            "timeout_shutdown_vm": 1800,
            "timeout_start_vm": 1800,
            "timeout_stop_vm": 300,
            "tpm_state": [],
            "usb": [],
            "vga": [],
            "virtiofs": [],
            "vm_id": 302,
            "watchdog": []
          },
          "sensitive_attributes": [],
          "identity_schema_version": 0,
          "private": "bnVsbA=="
        }
      ]
    },
    {
      "mode": "managed",
      "type": "random_integer",
      "name": "id4vm",
      "provider": "provider[\"registry.terraform.io/hashicorp/random\"]",
      "instances": [
        {
          "schema_version": 0,
          "attributes": {
            "id": "9656",
            "keepers": null,
            "max": 9999,
            "min": 1000,
            "result": 9656,
            "seed": null
          },
          "sensitive_attributes": [],
          "identity_schema_version": 0
        }
      ]
    }
  ],
  "check_results": null
}
